
Microsoft Visual Studio Solution File, Format Version 12.00
# Visual Studio 15
VisualStudioVersion = 15.0.28307.168
MinimumVisualStudioVersion = 10.0.40219.1
Project("{2150E333-8FDC-42A3-9474-1A3956D46DE8}") = "0 Models", "0 Models", "{80AB0DFE-080C-4877-A0EA-1F26319A127B}"
EndProject
Project("{2150E333-8FDC-42A3-9474-1A3956D46DE8}") = "2 Querys", "2 Querys", "{BF0353BF-4C3B-483E-901A-6226229AD640}"
EndProject
Project("{2150E333-8FDC-42A3-9474-1A3956D46DE8}") = "1 Client", "1 Client", "{09EC6F36-7546-406A-BA08-B19DFE2986A4}"
EndProject
Project("{2150E333-8FDC-42A3-9474-1A3956D46DE8}") = "3 Tests", "3 Tests", "{902F037A-853A-4E20-A829-DF91C8E5C6C4}"
EndProject
Project("{FAE04EC0-301F-11D3-BF4B-00C04F79EFBC}") = "smashgg.net.Models", "smashgg.net.models\smashgg.net.Models.csproj", "{C3D39AE0-29B2-4F56-B461-9AF805C94E79}"
EndProject
Project("{FAE04EC0-301F-11D3-BF4B-00C04F79EFBC}") = "smashgg.net.Client", "smashgg.net.Client\smashgg.net.Client.csproj", "{F216375F-7AF1-4B28-984F-CBC7D9A32FB1}"
EndProject
Project("{FAE04EC0-301F-11D3-BF4B-00C04F79EFBC}") = "smashgg.net.TestConsole", "smashgg.net.TestConsole\smashgg.net.TestConsole.csproj", "{530D2F15-7393-4BF9-BE0A-4A134F31478B}"
EndProject
Project("{FAE04EC0-301F-11D3-BF4B-00C04F79EFBC}") = "smashgg.net.Querys", "smashgg.net.Querys\smashgg.net.Querys.csproj", "{E50EEFF2-BCA4-46C4-A286-E37DABD1A5F2}"
EndProject
Global
	GlobalSection(SolutionConfigurationPlatforms) = preSolution
		Debug|Any CPU = Debug|Any CPU
		Release|Any CPU = Release|Any CPU
	EndGlobalSection
	GlobalSection(ProjectConfigurationPlatforms) = postSolution
		{C3D39AE0-29B2-4F56-B461-9AF805C94E79}.Debug|Any CPU.ActiveCfg = Debug|Any CPU
		{C3D39AE0-29B2-4F56-B461-9AF805C94E79}.Debug|Any CPU.Build.0 = Debug|Any CPU
		{C3D39AE0-29B2-4F56-B461-9AF805C94E79}.Release|Any CPU.ActiveCfg = Release|Any CPU
		{C3D39AE0-29B2-4F56-B461-9AF805C94E79}.Release|Any CPU.Build.0 = Release|Any CPU
		{F216375F-7AF1-4B28-984F-CBC7D9A32FB1}.Debug|Any CPU.ActiveCfg = Debug|Any CPU
		{F216375F-7AF1-4B28-984F-CBC7D9A32FB1}.Debug|Any CPU.Build.0 = Debug|Any CPU
		{F216375F-7AF1-4B28-984F-CBC7D9A32FB1}.Release|Any CPU.ActiveCfg = Release|Any CPU
		{F216375F-7AF1-4B28-984F-CBC7D9A32FB1}.Release|Any CPU.Build.0 = Release|Any CPU
		{530D2F15-7393-4BF9-BE0A-4A134F31478B}.Debug|Any CPU.ActiveCfg = Debug|Any CPU
		{530D2F15-7393-4BF9-BE0A-4A134F31478B}.Debug|Any CPU.Build.0 = Debug|Any CPU
		{530D2F15-7393-4BF9-BE0A-4A134F31478B}.Release|Any CPU.ActiveCfg = Release|Any CPU
		{530D2F15-7393-4BF9-BE0A-4A134F31478B}.Release|Any CPU.Build.0 = Release|Any CPU
		{E50EEFF2-BCA4-46C4-A286-E37DABD1A5F2}.Debug|Any CPU.ActiveCfg = Debug|Any CPU
		{E50EEFF2-BCA4-46C4-A286-E37DABD1A5F2}.Debug|Any CPU.Build.0 = Debug|Any CPU
		{E50EEFF2-BCA4-46C4-A286-E37DABD1A5F2}.Release|Any CPU.ActiveCfg = Release|Any CPU
		{E50EEFF2-BCA4-46C4-A286-E37DABD1A5F2}.Release|Any CPU.Build.0 = Release|Any CPU
	EndGlobalSection
	GlobalSection(SolutionProperties) = preSolution
		HideSolutionNode = FALSE
	EndGlobalSection
	GlobalSection(NestedProjects) = preSolution
		{C3D39AE0-29B2-4F56-B461-9AF805C94E79} = {80AB0DFE-080C-4877-A0EA-1F26319A127B}
		{F216375F-7AF1-4B28-984F-CBC7D9A32FB1} = {09EC6F36-7546-406A-BA08-B19DFE2986A4}
		{530D2F15-7393-4BF9-BE0A-4A134F31478B} = {902F037A-853A-4E20-A829-DF91C8E5C6C4}
		{E50EEFF2-BCA4-46C4-A286-E37DABD1A5F2} = {BF0353BF-4C3B-483E-901A-6226229AD640}
	EndGlobalSection
	GlobalSection(ExtensibilityGlobals) = postSolution
		SolutionGuid = {76DFAA08-5916-431B-A1C5-0324EB655644}
	EndGlobalSection
EndGlobal
